
Microsoft Visual Studio Solution File, Format Version 12.00
# Visual Studio Version 17
VisualStudioVersion = 17.7.34031.279
MinimumVisualStudioVersion = 16.0.0.0
Project("{9A19103F-16F7-4668-BE54-9A1E7A4F7556}") = "DotRecast.Stride.Windows", "DotRecast.Stride.Windows\DotRecast.Stride.Windows.csproj", "{9394A0D6-4F22-4F1A-A6B9-9A4AF7F01F31}"
EndProject
Project("{9A19103F-16F7-4668-BE54-9A1E7A4F7556}") = "DotRecast.Stride", "DotRecast.Stride\DotRecast.Stride.csproj", "{37D050F0-68E9-4ADE-AF05-01F3389CAF2E}"
EndProject
Global
	GlobalSection(SolutionConfigurationPlatforms) = preSolution
		Debug|Any CPU = Debug|Any CPU
		Release|Any CPU = Release|Any CPU
	EndGlobalSection
	GlobalSection(ProjectConfigurationPlatforms) = postSolution
		{9394A0D6-4F22-4F1A-A6B9-9A4AF7F01F31}.Debug|Any CPU.ActiveCfg = Debug|Any CPU
		{9394A0D6-4F22-4F1A-A6B9-9A4AF7F01F31}.Debug|Any CPU.Build.0 = Debug|Any CPU
		{9394A0D6-4F22-4F1A-A6B9-9A4AF7F01F31}.Release|Any CPU.ActiveCfg = Release|Any CPU
		{9394A0D6-4F22-4F1A-A6B9-9A4AF7F01F31}.Release|Any CPU.Build.0 = Release|Any CPU
		{37D050F0-68E9-4ADE-AF05-01F3389CAF2E}.Debug|Any CPU.ActiveCfg = Debug|Any CPU
		{37D050F0-68E9-4ADE-AF05-01F3389CAF2E}.Debug|Any CPU.Build.0 = Debug|Any CPU
		{37D050F0-68E9-4ADE-AF05-01F3389CAF2E}.Release|Any CPU.ActiveCfg = Release|Any CPU
		{37D050F0-68E9-4ADE-AF05-01F3389CAF2E}.Release|Any CPU.Build.0 = Release|Any CPU
	EndGlobalSection
	GlobalSection(SolutionProperties) = preSolution
		HideSolutionNode = FALSE
	EndGlobalSection
EndGlobal
